
Microsoft Visual Studio Solution File, Format Version 12.00
# Visual Studio Version 16
VisualStudioVersion = 16.0.33927.289
MinimumVisualStudioVersion = 10.0.40219.1
Project("{FAE04EC0-301F-11D3-BF4B-00C04F79EFBC}") = "Teszt", "Teszt\Teszt.csproj", "{C4E192E7-74A7-43A9-BD8B-8FCC0C22E926}"
EndProject
Project("{FAE04EC0-301F-11D3-BF4B-00C04F79EFBC}") = "teszt2", "teszt2\teszt2.csproj", "{57853C3B-BAE1-4D59-A365-E7E3E0ED21D9}"
EndProject
Global
	GlobalSection(SolutionConfigurationPlatforms) = preSolution
		Debug|Any CPU = Debug|Any CPU
		Release|Any CPU = Release|Any CPU
	EndGlobalSection
	GlobalSection(ProjectConfigurationPlatforms) = postSolution
		{C4E192E7-74A7-43A9-BD8B-8FCC0C22E926}.Debug|Any CPU.ActiveCfg = Debug|Any CPU
		{C4E192E7-74A7-43A9-BD8B-8FCC0C22E926}.Debug|Any CPU.Build.0 = Debug|Any CPU
		{C4E192E7-74A7-43A9-BD8B-8FCC0C22E926}.Release|Any CPU.ActiveCfg = Release|Any CPU
		{C4E192E7-74A7-43A9-BD8B-8FCC0C22E926}.Release|Any CPU.Build.0 = Release|Any CPU
		{57853C3B-BAE1-4D59-A365-E7E3E0ED21D9}.Debug|Any CPU.ActiveCfg = Debug|Any CPU
		{57853C3B-BAE1-4D59-A365-E7E3E0ED21D9}.Debug|Any CPU.Build.0 = Debug|Any CPU
		{57853C3B-BAE1-4D59-A365-E7E3E0ED21D9}.Release|Any CPU.ActiveCfg = Release|Any CPU
		{57853C3B-BAE1-4D59-A365-E7E3E0ED21D9}.Release|Any CPU.Build.0 = Release|Any CPU
	EndGlobalSection
	GlobalSection(SolutionProperties) = preSolution
		HideSolutionNode = FALSE
	EndGlobalSection
	GlobalSection(ExtensibilityGlobals) = postSolution
		SolutionGuid = {F73F191F-2C47-4618-92C6-F929C3801E81}
	EndGlobalSection
EndGlobal
